
Microsoft Visual Studio Solution File, Format Version 12.00
# Visual Studio Version 17
VisualStudioVersion = 17.14.36429.23 d17.14
MinimumVisualStudioVersion = 10.0.40219.1
Project("{FAE04EC0-301F-11D3-BF4B-00C04F79EFBC}") = "Biblioteca", "Biblioteca\Biblioteca.csproj", "{279BFF42-175B-425C-9C17-8E7BC46F80D8}"
EndProject
Global
	GlobalSection(SolutionConfigurationPlatforms) = preSolution
		Debug|Any CPU = Debug|Any CPU
		Release|Any CPU = Release|Any CPU
	EndGlobalSection
	GlobalSection(ProjectConfigurationPlatforms) = postSolution
		{279BFF42-175B-425C-9C17-8E7BC46F80D8}.Debug|Any CPU.ActiveCfg = Debug|Any CPU
		{279BFF42-175B-425C-9C17-8E7BC46F80D8}.Debug|Any CPU.Build.0 = Debug|Any CPU
		{279BFF42-175B-425C-9C17-8E7BC46F80D8}.Release|Any CPU.ActiveCfg = Release|Any CPU
		{279BFF42-175B-425C-9C17-8E7BC46F80D8}.Release|Any CPU.Build.0 = Release|Any CPU
	EndGlobalSection
	GlobalSection(SolutionProperties) = preSolution
		HideSolutionNode = FALSE
	EndGlobalSection
	GlobalSection(ExtensibilityGlobals) = postSolution
		SolutionGuid = {ADFC9900-AA31-4D29-A09B-AEFC1D98505B}
	EndGlobalSection
EndGlobal
